<?xml version="1.0" encoding="utf-8"?>
<Project ToolsVersion="4.0" xmlns="http://schemas.microsoft.com/developer/msbuild/2003">
  <ItemGroup>
    <ClCompile Include="src\billboard.cpp" />
    <ClCompile Include="src\camera.cpp" />
    <ClCompile Include="src\camera_state.cpp" />
    <ClCompile Include="src\card.cpp" />
    <ClCompile Include="src\card_state.cpp" />
    <ClCompile Include="src\colision.cpp" />
    <ClCompile Include="src\energy_charge.cpp" />
    <ClCompile Include="src\energy_frame.cpp" />
    <ClCompile Include="src\energy_gauge.cpp" />
    <ClCompile Include="src\energy_UI.cpp" />
    <ClCompile Include="src\fade.cpp" />
    <ClCompile Include="src\field.cpp" />
    <ClCompile Include="src\game_camera.cpp" />
    <ClCompile Include="src\game_field.cpp" />
    <ClCompile Include="src\hand.cpp" />
    <ClCompile Include="src\input.cpp" />
    <ClCompile Include="src\life_UI.cpp" />
    <ClCompile Include="src\light.cpp" />
    <ClCompile Include="src\main.cpp" />
    <ClCompile Include="src\manager.cpp" />
    <ClCompile Include="src\model.cpp" />
    <ClCompile Include="src\model_parts.cpp" />
    <ClCompile Include="src\number.cpp" />
    <ClCompile Include="src\object.cpp" />
    <ClCompile Include="src\object2D.cpp" />
    <ClCompile Include="src\object2D_anim.cpp" />
    <ClCompile Include="src\object3D.cpp" />
    <ClCompile Include="src\object3D_anim.cpp" />
    <ClCompile Include="src\objectX.cpp" />
    <ClCompile Include="src\object2D_triangle.cpp" />
    <ClCompile Include="src\particle.cpp" />
    <ClCompile Include="src\player.cpp" />
    <ClCompile Include="src\precompile.cpp" />
    <ClCompile Include="src\renderer.cpp" />
    <ClCompile Include="src\result.cpp" />
    <ClCompile Include="src\result_camera.cpp" />
    <ClCompile Include="src\result_player.cpp" />
    <ClCompile Include="src\result_screen.cpp" />
    <ClCompile Include="src\result_ui.cpp" />
    <ClCompile Include="src\scene.cpp" />
    <ClCompile Include="src\shadow.cpp" />
    <ClCompile Include="src\texture.cpp" />
    <ClCompile Include="src\title.cpp" />
    <ClCompile Include="src\title_camera.cpp" />
    <ClCompile Include="src\title_screen.cpp" />
    <ClCompile Include="src\useful.cpp" />
    <ClCompile Include="src\client.cpp" />
    <ClCompile Include="src\raknet.cpp" />
    <ClCompile Include="src\card_frame.cpp" />
    <ClCompile Include="src\active_scene_character.cpp">
      <Filter>character</Filter>
    </ClCompile>
    <ClCompile Include="src\active_scene_character_state.cpp">
      <Filter>character</Filter>
    </ClCompile>
    <ClCompile Include="src\character.cpp">
      <Filter>character</Filter>
    </ClCompile>
    <ClCompile Include="src\enemy.cpp">
      <Filter>character</Filter>
    </ClCompile>
    <ClCompile Include="src\enemy_manager.cpp">
      <Filter>character</Filter>
    </ClCompile>
    <ClCompile Include="src\enemy_state.cpp">
      <Filter>character</Filter>
    </ClCompile>
    <ClCompile Include="src\game_player.cpp">
      <Filter>character</Filter>
    </ClCompile>
    <ClCompile Include="src\active_player_state.cpp">
      <Filter>character</Filter>
    </ClCompile>
    <ClCompile Include="src\active_scene_manager.cpp">
      <Filter>active_scene</Filter>
    </ClCompile>
    <ClCompile Include="src\active_scene_state.cpp">
      <Filter>active_scene</Filter>
    </ClCompile>
    <ClCompile Include="src\active_scene.cpp">
      <Filter>active_scene</Filter>
    </ClCompile>
    <ClCompile Include="src\area.cpp">
      <Filter>active_scene\area</Filter>
    </ClCompile>
    <ClCompile Include="src\area_manager.cpp">
      <Filter>active_scene\area</Filter>
    </ClCompile>
    <ClCompile Include="src\ready_UI.cpp">
      <Filter>active_scene\lobby</Filter>
    </ClCompile>
    <ClCompile Include="src\ready_txt.cpp">
      <Filter>active_scene\lobby</Filter>
    </ClCompile>
    <ClCompile Include="src\card_attack.cpp" />
    <ClCompile Include="src\card_deffence.cpp" />
    <ClCompile Include="src\card_assist.cpp" />
    <ClCompile Include="src\font.cpp" />
    <ClCompile Include="src\client_lobby.cpp">
      <Filter>active_scene</Filter>
    </ClCompile>
    <ClCompile Include="src\font_manager.cpp" />
    <ClCompile Include="src\client_duel.cpp" />
    <ClCompile Include="src\debuff.cpp">
      <Filter>character\debuff</Filter>
    </ClCompile>
    <ClCompile Include="src\death_icon.cpp" />
    <ClCompile Include="src\life_frame.cpp" />
    <ClCompile Include="src\life_gauge.cpp" />
    <ClCompile Include="src\object2D_trapezoid.cpp" />
    <ClCompile Include="src\player_number_UI.cpp">
      <Filter>character</Filter>
    </ClCompile>
    <ClCompile Include="src\player_UI.cpp">
      <Filter>character</Filter>
    </ClCompile>
    <ClCompile Include="src\center_area.cpp">
      <Filter>active_scene\area</Filter>
    </ClCompile>
    <ClCompile Include="src\target_arrow.cpp" />
  </ItemGroup>
  <ItemGroup>
    <ClInclude Include="src\billboard.h" />
    <ClInclude Include="src\camera.h" />
    <ClInclude Include="src\camera_state.h" />
    <ClInclude Include="src\card.h" />
    <ClInclude Include="src\card_state.h" />
    <ClInclude Include="src\colision.h" />
    <ClInclude Include="src\count.h" />
    <ClInclude Include="src\energy_charge.h" />
    <ClInclude Include="src\energy_frame.h" />
    <ClInclude Include="src\energy_gauge.h" />
    <ClInclude Include="src\energy_UI.h" />
    <ClInclude Include="src\fade.h" />
    <ClInclude Include="src\field.h" />
    <ClInclude Include="src\game_camera.h" />
    <ClInclude Include="src\game_field.h" />
    <ClInclude Include="src\hand.h" />
    <ClInclude Include="src\input.h" />
    <ClInclude Include="src\life_UI.h" />
    <ClInclude Include="src\light.h" />
    <ClInclude Include="src\main.h" />
    <ClInclude Include="src\manager.h" />
    <ClInclude Include="src\model.h" />
    <ClInclude Include="src\model_parts.h" />
    <ClInclude Include="src\number.h" />
    <ClInclude Include="src\object.h" />
    <ClInclude Include="src\object2D.h" />
    <ClInclude Include="src\object2D_anim.h" />
    <ClInclude Include="src\object3D.h" />
    <ClInclude Include="src\object3D_anim.h" />
    <ClInclude Include="src\objectX.h" />
    <ClInclude Include="src\object2D_triangle.h" />
    <ClInclude Include="src\particle.h" />
    <ClInclude Include="src\player.h" />
    <ClInclude Include="src\precompile.h" />
    <ClInclude Include="src\renderer.h" />
    <ClInclude Include="src\result.h" />
    <ClInclude Include="src\result_camera.h" />
    <ClInclude Include="src\result_player.h" />
    <ClInclude Include="src\result_screen.h" />
    <ClInclude Include="src\result_ui.h" />
    <ClInclude Include="src\scene.h" />
    <ClInclude Include="src\shadow.h" />
    <ClInclude Include="src\texture.h" />
    <ClInclude Include="src\title.h" />
    <ClInclude Include="src\title_camera.h" />
    <ClInclude Include="src\title_screen.h" />
    <ClInclude Include="src\useful.h" />
    <ClInclude Include="src\client.h" />
    <ClInclude Include="src\raknet.h" />
    <ClInclude Include="src\card_frame.h" />
    <ClInclude Include="src\active_scene_character.h">
      <Filter>character</Filter>
    </ClInclude>
    <ClInclude Include="src\active_scene_character_state.h">
      <Filter>character</Filter>
    </ClInclude>
    <ClInclude Include="src\character.h">
      <Filter>character</Filter>
    </ClInclude>
    <ClInclude Include="src\enemy.h">
      <Filter>character</Filter>
    </ClInclude>
    <ClInclude Include="src\enemy_manager.h">
      <Filter>character</Filter>
    </ClInclude>
    <ClInclude Include="src\enemy_state.h">
      <Filter>character</Filter>
    </ClInclude>
    <ClInclude Include="src\game_player.h">
      <Filter>character</Filter>
    </ClInclude>
    <ClInclude Include="src\active_scene_player_state.h">
      <Filter>character</Filter>
    </ClInclude>
    <ClInclude Include="src\active_scene_manager.h">
      <Filter>active_scene</Filter>
    </ClInclude>
    <ClInclude Include="src\active_scene_state.h">
      <Filter>active_scene</Filter>
    </ClInclude>
    <ClInclude Include="src\active_scene.h">
      <Filter>active_scene</Filter>
    </ClInclude>
    <ClInclude Include="src\area.h">
      <Filter>active_scene\area</Filter>
    </ClInclude>
    <ClInclude Include="src\area_manager.h">
      <Filter>active_scene\area</Filter>
    </ClInclude>
    <ClInclude Include="src\ready_txt.h">
      <Filter>active_scene\lobby</Filter>
    </ClInclude>
    <ClInclude Include="src\card_attack.h" />
    <ClInclude Include="src\card_deffence.h" />
    <ClInclude Include="src\card_assist.h" />
    <ClInclude Include="src\font.h" />
    <ClInclude Include="src\client_lobby.h">
      <Filter>active_scene</Filter>
    </ClInclude>
    <ClInclude Include="src\font_manager.h" />
    <ClInclude Include="src\client_duel.h" />
    <ClInclude Include="src\debuff.h">
      <Filter>character\debuff</Filter>
    </ClInclude>
    <ClInclude Include="src\death_icon.h" />
    <ClInclude Include="src\life_frame.h" />
    <ClInclude Include="src\life_gauge.h" />
    <ClInclude Include="src\object2D_trapezoid.h" />
    <ClInclude Include="src\player_number_UI.h">
      <Filter>character</Filter>
    </ClInclude>
    <ClInclude Include="src\player_UI.h">
      <Filter>character</Filter>
    </ClInclude>
    <ClInclude Include="src\ready_UI.h">
      <Filter>active_scene\lobby</Filter>
    </ClInclude>
    <ClInclude Include="src\center_area.h">
      <Filter>active_scene\area</Filter>
    </ClInclude>
    <ClInclude Include="src\target_arrow.h" />
  </ItemGroup>
  <ItemGroup>
    <Filter Include="character">
      <UniqueIdentifier>{5921e8f8-9523-4b4c-a104-b6bd33f73882}</UniqueIdentifier>
    </Filter>
    <Filter Include="active_scene">
      <UniqueIdentifier>{80462793-f791-4dac-9263-03e8e1424395}</UniqueIdentifier>
    </Filter>
    <Filter Include="active_scene\area">
      <UniqueIdentifier>{56a985dc-c3e1-4095-aed5-5700ac8611cc}</UniqueIdentifier>
    </Filter>
    <Filter Include="active_scene\lobby">
      <UniqueIdentifier>{b471ed37-6a4b-4b0f-b87c-f68cee98794f}</UniqueIdentifier>
    </Filter>
    <Filter Include="character\debuff">
      <UniqueIdentifier>{1923b1d6-04cd-4db5-a3df-525fb43f5002}</UniqueIdentifier>
    </Filter>
  </ItemGroup>
</Project>